
Microsoft Visual Studio Solution File, Format Version 12.00
# Visual Studio Version 16
VisualStudioVersion = 16.0.30907.101
MinimumVisualStudioVersion = 10.0.40219.1
Project("{9A19103F-16F7-4668-BE54-9A1E7A4F7556}") = "Guardians", "Guardians.csproj", "{57FDE884-9B8A-4001-ACF0-95AF0B320230}"
EndProject
Project("{FAE04EC0-301F-11D3-BF4B-00C04F79EFBC}") = "GuardiansTests", "..\GuardiansTests\GuardiansTests.csproj", "{18333B6A-16F0-472D-8752-8DBB1AA7929A}"
EndProject
Global
	GlobalSection(SolutionConfigurationPlatforms) = preSolution
		Debug|Any CPU = Debug|Any CPU
		Release|Any CPU = Release|Any CPU
	EndGlobalSection
	GlobalSection(ProjectConfigurationPlatforms) = postSolution
		{57FDE884-9B8A-4001-ACF0-95AF0B320230}.Debug|Any CPU.ActiveCfg = Debug|Any CPU
		{57FDE884-9B8A-4001-ACF0-95AF0B320230}.Debug|Any CPU.Build.0 = Debug|Any CPU
		{57FDE884-9B8A-4001-ACF0-95AF0B320230}.Release|Any CPU.ActiveCfg = Release|Any CPU
		{57FDE884-9B8A-4001-ACF0-95AF0B320230}.Release|Any CPU.Build.0 = Release|Any CPU
		{18333B6A-16F0-472D-8752-8DBB1AA7929A}.Debug|Any CPU.ActiveCfg = Debug|Any CPU
		{18333B6A-16F0-472D-8752-8DBB1AA7929A}.Debug|Any CPU.Build.0 = Debug|Any CPU
		{18333B6A-16F0-472D-8752-8DBB1AA7929A}.Release|Any CPU.ActiveCfg = Release|Any CPU
		{18333B6A-16F0-472D-8752-8DBB1AA7929A}.Release|Any CPU.Build.0 = Release|Any CPU
	EndGlobalSection
	GlobalSection(SolutionProperties) = preSolution
		HideSolutionNode = FALSE
	EndGlobalSection
	GlobalSection(ExtensibilityGlobals) = postSolution
		SolutionGuid = {C1FCCAE5-64AA-4382-B036-9D05C340B79E}
	EndGlobalSection
EndGlobal
