
Microsoft Visual Studio Solution File, Format Version 12.00
# Visual Studio Version 16
VisualStudioVersion = 16.0.30804.86
MinimumVisualStudioVersion = 10.0.40219.1
Project("{FAE04EC0-301F-11D3-BF4B-00C04F79EFBC}") = "WebApplication1Try", "WebApplication1Try.csproj", "{A26FE9ED-66E9-451A-BD3A-B36CD3AC9CDE}"
EndProject
Global
	GlobalSection(SolutionConfigurationPlatforms) = preSolution
		Debug|Any CPU = Debug|Any CPU
		Release|Any CPU = Release|Any CPU
	EndGlobalSection
	GlobalSection(ProjectConfigurationPlatforms) = postSolution
		{A26FE9ED-66E9-451A-BD3A-B36CD3AC9CDE}.Debug|Any CPU.ActiveCfg = Debug|Any CPU
		{A26FE9ED-66E9-451A-BD3A-B36CD3AC9CDE}.Debug|Any CPU.Build.0 = Debug|Any CPU
		{A26FE9ED-66E9-451A-BD3A-B36CD3AC9CDE}.Release|Any CPU.ActiveCfg = Release|Any CPU
		{A26FE9ED-66E9-451A-BD3A-B36CD3AC9CDE}.Release|Any CPU.Build.0 = Release|Any CPU
	EndGlobalSection
	GlobalSection(SolutionProperties) = preSolution
		HideSolutionNode = FALSE
	EndGlobalSection
	GlobalSection(ExtensibilityGlobals) = postSolution
		SolutionGuid = {57439E7F-3325-48FF-A1BC-17870C51DE49}
	EndGlobalSection
EndGlobal
