
Microsoft Visual Studio Solution File, Format Version 12.00
# Visual Studio Version 16
VisualStudioVersion = 16.0.30804.86
MinimumVisualStudioVersion = 10.0.40219.1
Project("{FAE04EC0-301F-11D3-BF4B-00C04F79EFBC}") = "LinqExcercises", "LinqExcercises.csproj", "{3E5762C5-6317-4BF3-BD7E-B984D1994DFA}"
EndProject
Global
	GlobalSection(SolutionConfigurationPlatforms) = preSolution
		Debug|Any CPU = Debug|Any CPU
		Release|Any CPU = Release|Any CPU
	EndGlobalSection
	GlobalSection(ProjectConfigurationPlatforms) = postSolution
		{3E5762C5-6317-4BF3-BD7E-B984D1994DFA}.Debug|Any CPU.ActiveCfg = Debug|Any CPU
		{3E5762C5-6317-4BF3-BD7E-B984D1994DFA}.Debug|Any CPU.Build.0 = Debug|Any CPU
		{3E5762C5-6317-4BF3-BD7E-B984D1994DFA}.Release|Any CPU.ActiveCfg = Release|Any CPU
		{3E5762C5-6317-4BF3-BD7E-B984D1994DFA}.Release|Any CPU.Build.0 = Release|Any CPU
	EndGlobalSection
	GlobalSection(SolutionProperties) = preSolution
		HideSolutionNode = FALSE
	EndGlobalSection
	GlobalSection(ExtensibilityGlobals) = postSolution
		SolutionGuid = {7C9116B8-10BA-49E3-91A6-012EF9C2ED3F}
	EndGlobalSection
EndGlobal
